
Microsoft Visual Studio Solution File, Format Version 12.00
# Visual Studio Version 17
VisualStudioVersion = 17.3.32901.215
MinimumVisualStudioVersion = 10.0.40219.1
Project("{FAE04EC0-301F-11D3-BF4B-00C04F79EFBC}") = "Cadastro de Leitor", "Cadastro de Leitor\Cadastro de Leitor.csproj", "{8032570E-C03E-4E80-B8AA-2AED818B91FE}"
EndProject
Global
	GlobalSection(SolutionConfigurationPlatforms) = preSolution
		Debug|Any CPU = Debug|Any CPU
		Release|Any CPU = Release|Any CPU
	EndGlobalSection
	GlobalSection(ProjectConfigurationPlatforms) = postSolution
		{8032570E-C03E-4E80-B8AA-2AED818B91FE}.Debug|Any CPU.ActiveCfg = Debug|Any CPU
		{8032570E-C03E-4E80-B8AA-2AED818B91FE}.Debug|Any CPU.Build.0 = Debug|Any CPU
		{8032570E-C03E-4E80-B8AA-2AED818B91FE}.Release|Any CPU.ActiveCfg = Release|Any CPU
		{8032570E-C03E-4E80-B8AA-2AED818B91FE}.Release|Any CPU.Build.0 = Release|Any CPU
	EndGlobalSection
	GlobalSection(SolutionProperties) = preSolution
		HideSolutionNode = FALSE
	EndGlobalSection
	GlobalSection(ExtensibilityGlobals) = postSolution
		SolutionGuid = {1BC08A1C-124F-45D9-8A50-354D834A9ECD}
	EndGlobalSection
EndGlobal
